lockfileVersion: '9.0'

settings:
  autoInstallPeers: true
  excludeLinksFromLockfile: false

importers:

  .:
    devDependencies:
      marked:
        specifier: 15.0.8
        version: 15.0.8

  packages/marked-renderer-text:
    dependencies:
      marked:
        specifier: ^4.0.7
        version: 4.3.0
    devDependencies:
      '@types/marked':
        specifier: ^4.0.1
        version: 4.3.2

packages:

  '@types/marked@4.3.2':
    resolution: {integrity: sha512-a79Yc3TOk6dGdituy8hmTTJXjOkZ7zsFYV10L337ttq/rec8lRMDBpV7fL3uLx6TgbFCa5DU/h8FmIBQPSbU0w==}

  marked@15.0.8:
    resolution: {integrity: sha512-rli4l2LyZqpQuRve5C0rkn6pj3hT8EWPC+zkAxFTAJLxRbENfTAhEQq9itrmf1Y81QtAX5D/MYlGlIomNgj9lA==}
    engines: {node: '>= 18'}
    hasBin: true

  marked@4.3.0:
    resolution: {integrity: sha512-PRsaiG84bK+AMvxziE/lCFss8juXjNaWzVbN5tXAm4XjeaS9NAHhop+PjQxz2A9h8Q4M/xGmzP8vqNwy6JeK0A==}
    engines: {node: '>= 12'}
    hasBin: true

snapshots:

  '@types/marked@4.3.2': {}

  marked@15.0.8: {}

  marked@4.3.0: {}
